// !$*UTF8*$!
{
	archiveVersion = 1;
	classes = {
	};
	objectVersion = 50;
	objects = {

/* Begin PBXBuildFile section */
		044597AE211293B7000DA43D /* AppDelegate.swift in Sources */ = {isa = PBXBuildFile; fileRef = 044597AD211293B7000DA43D /* AppDelegate.swift */; };
		044597B0211293B7000DA43D /* ViewController.swift in Sources */ = {isa = PBXBuildFile; fileRef = 044597AF211293B7000DA43D /* ViewController.swift */; };
		044597B3211293B7000DA43D /* Main.storyboard in Resources */ = {isa = PBXBuildFile; fileRef = 044597B1211293B7000DA43D /* Main.storyboard */; };
		044597B6211293B7000DA43D /* Expiry_Lists.xcdatamodeld in Sources */ = {isa = PBXBuildFile; fileRef = 044597B4211293B7000DA43D /* Expiry_Lists.xcdatamodeld */; };
		044597B8211293BE000DA43D /* Assets.xcassets in Resources */ = {isa = PBXBuildFile; fileRef = 044597B7211293BE000DA43D /* Assets.xcassets */; };
		044597BB211293BE000DA43D /* LaunchScreen.storyboard in Resources */ = {isa = PBXBuildFile; fileRef = 044597B9211293BE000DA43D /* LaunchScreen.storyboard */; };
/* End PBXBuildFile section */

/* Begin PBXFileReference section */
		044597AA211293B7000DA43D /* Expiry Lists.app */ = {isa = PBXFileReference; explicitFileType = wrapper.application; includeInIndex = 0; path = "Expiry Lists.app"; sourceTree = BUILT_PRODUCTS_DIR; };
		044597AD211293B7000DA43D /* AppDelegate.swift */ = {isa = PBXFileReference; lastKnownFileType = sourcecode.swift; path = AppDelegate.swift; sourceTree = "<group>"; };
		044597AF211293B7000DA43D /* ViewController.swift */ = {isa = PBXFileReference; lastKnownFileType = sourcecode.swift; path = ViewController.swift; sourceTree = "<group>"; };
		044597B2211293B7000DA43D /* Base */ = {isa = PBXFileReference; lastKnownFileType = file.storyboard; name = Base; path = Base.lproj/Main.storyboard; sourceTree = "<group>"; };
		044597B5211293B7000DA43D /* Expiry_Lists.xcdatamodel */ = {isa = PBXFileReference; lastKnownFileType = wrapper.xcdatamodel; path = Expiry_Lists.xcdatamodel; sourceTree = "<group>"; };
		044597B7211293BE000DA43D /* Assets.xcassets */ = {isa = PBXFileReference; lastKnownFileType = folder.assetcatalog; path = Assets.xcassets; sourceTree = "<group>"; };
		044597BA211293BE000DA43D /* Base */ = {isa = PBXFileReference; lastKnownFileType = file.storyboard; name = Base; path = Base.lproj/LaunchScreen.storyboard; sourceTree = "<group>"; };
		044597BC211293BE000DA43D /* Info.plist */ = {isa = PBXFileReference; lastKnownFileType = text.plist.xml; path = Info.plist; sourceTree = "<group>"; };
/* End PBXFileReference section */

/* Begin PBXFrameworksBuildPhase section */
		044597A7211293B7000DA43D /* Frameworks */ = {
			isa = PBXFrameworksBuildPhase;
			buildActionMask = 2147483647;
			files = (
			);
			runOnlyForDeploymentPostprocessing = 0;
		};
/* End PBXFrameworksBuildPhase section */

/* Begin PBXGroup section */
		044597A1211293B7000DA43D = {
			isa = PBXGroup;
			children = (
				044597AC211293B7000DA43D /* Expiry Lists */,
				044597AB211293B7000DA43D /* Products */,
			);
			sourceTree = "<group>";
		};
		044597AB211293B7000DA43D /* Products */ = {
			isa = PBXGroup;
			children = (
				044597AA211293B7000DA43D /* Expiry Lists.app */,
			);
			name = Products;
			sourceTree = "<group>";
		};
		044597AC211293B7000DA43D /* Expiry Lists */ = {
			isa = PBXGroup;
			children = (
				044597AD211293B7000DA43D /* AppDelegate.swift */,
				044597AF211293B7000DA43D /* ViewController.swift */,
				044597B1211293B7000DA43D /* Main.storyboard */,
				044597B7211293BE000DA43D /* Assets.xcassets */,
				044597B9211293BE000DA43D /* LaunchScreen.storyboard */,
				044597BC211293BE000DA43D /* Info.plist */,
				044597B4211293B7000DA43D /* Expiry_Lists.xcdatamodeld */,
			);
			path = "Expiry Lists";
			sourceTree = "<group>";
		};
/* End PBXGroup section */

/* Begin PBXNativeTarget section */
		044597A9211293B7000DA43D /* Expiry Lists */ = {
			isa = PBXNativeTarget;
			buildConfigurationList = 044597BF211293BE000DA43D /* Build configuration list for PBXNativeTarget "Expiry Lists" */;
			buildPhases = (
				044597A6211293B7000DA43D /* Sources */,
				044597A7211293B7000DA43D /* Frameworks */,
				044597A8211293B7000DA43D /* Resources */,
			);
			buildRules = (
			);
			dependencies = (
			);
			name = "Expiry Lists";
			productName = "Expiry Lists";
			productReference = 044597AA211293B7000DA43D /* Expiry Lists.app */;
			productType = "com.apple.product-type.application";
		};
/* End PBXNativeTarget section */

/* Begin PBXProject section */
		044597A2211293B7000DA43D /* Project object */ = {
			isa = PBXProject;
			attributes = {
				LastSwiftUpdateCheck = 0940;
				LastUpgradeCheck = 0940;
				ORGANIZATIONNAME = "Fontana Technologies";
				TargetAttributes = {
					044597A9211293B7000DA43D = {
						CreatedOnToolsVersion = 9.4.1;
					};
				};
			};
			buildConfigurationList = 044597A5211293B7000DA43D /* Build configuration list for PBXProject "Expiry Lists" */;
			compatibilityVersion = "Xcode 9.3";
			developmentRegion = en;
			hasScannedForEncodings = 0;
			knownRegions = (
				en,
				Base,
			);
			mainGroup = 044597A1211293B7000DA43D;
			productRefGroup = 044597AB211293B7000DA43D /* Products */;
			projectDirPath = "";
			projectRoot = "";
			targets = (
				044597A9211293B7000DA43D /* Expiry Lists */,
			);
		};
/* End PBXProject section */

/* Begin PBXResourcesBuildPhase section */
		044597A8211293B7000DA43D /* Resources */ = {
			isa = PBXResourcesBuildPhase;
			buildActionMask = 2147483647;
			files = (
				044597BB211293BE000DA43D /* LaunchScreen.storyboard in Resources */,
				044597B8211293BE000DA43D /* Assets.xcassets in Resources */,
				044597B3211293B7000DA43D /* Main.storyboard in Resources */,
			);
			runOnlyForDeploymentPostprocessing = 0;
		};
/* End PBXResourcesBuildPhase section */

/* Begin PBXSourcesBuildPhase section */
		044597A6211293B7000DA43D /* Sources */ = {
			isa = PBXSourcesBuildPhase;
			buildActionMask = 2147483647;
			files = (
				044597B0211293B7000DA43D /* ViewController.swift in Sources */,
				044597AE211293B7000DA43D /* AppDelegate.swift in Sources */,
				044597B6211293B7000DA43D /* Expiry_Lists.xcdatamodeld in Sources */,
			);
			runOnlyForDeploymentPostprocessing = 0;
		};
/* End PBXSourcesBuildPhase section */

/* Begin PBXVariantGroup section */
		044597B1211293B7000DA43D /* Main.storyboard */ = {
			isa = PBXVariantGroup;
			children = (
				044597B2211293B7000DA43D /* Base */,
			);
			name = Main.storyboard;
			sourceTree = "<group>";
		};
		044597B9211293BE000DA43D /* LaunchScreen.storyboard */ = {
			isa = PBXVariantGroup;
			children = (
				044597BA211293BE000DA43D /* Base */,
			);
			name = LaunchScreen.storyboard;
			sourceTree = "<group>";
		};
/* End PBXVariantGroup section */

/* Begin XCBuildConfiguration section */
		044597BD211293BE000DA43D /* Debug */ = {
			isa = XCBuildConfiguration;
			buildSettings = {
				ALWAYS_SEARCH_USER_PATHS = NO;
				CLANG_ANALYZER_NONNULL = YES;
				CLANG_ANALYZER_NUMBER_OBJECT_CONVERSION = YES_AGGRESSIVE;
				CLANG_CXX_LANGUAGE_STANDARD = "gnu++14";
				CLANG_CXX_LIBRARY = "libc++";
				CLANG_ENABLE_MODULES = YES;
				CLANG_ENABLE_OBJC_ARC = YES;
				CLANG_ENABLE_OBJC_WEAK = YES;
				CLANG_WARN_BLOCK_CAPTURE_AUTORELEASING = YES;
				CLANG_WARN_BOOL_CONVERSION = YES;
				CLANG_WARN_COMMA = YES;
				CLANG_WARN_CONSTANT_CONVERSION = YES;
				CLANG_WARN_DEPRECATED_OBJC_IMPLEMENTATIONS = YES;
				CLANG_WARN_DIRECT_OBJC_ISA_USAGE = YES_ERROR;
				CLANG_WARN_DOCUMENTATION_COMMENTS = YES;
				CLANG_WARN_EMPTY_BODY = YES;
				CLANG_WARN_ENUM_CONVERSION = YES;
				CLANG_WARN_INFINITE_RECURSION = YES;
				CLANG_WARN_INT_CONVERSION = YES;
				CLANG_WARN_NON_LITERAL_NULL_CONVERSION = YES;
				CLANG_WARN_OBJC_IMPLICIT_RETAIN_SELF = YES;
				CLANG_WARN_OBJC_LITERAL_CONVERSION = YES;
				CLANG_WARN_OBJC_ROOT_CLASS = YES_ERROR;
				CLANG_WARN_RANGE_LOOP_ANALYSIS = YES;
				CLANG_WARN_STRICT_PROTOTYPES = YES;
				CLANG_WARN_SUSPICIOUS_MOVE = YES;
				CLANG_WARN_UNGUARDED_AVAILABILITY = YES_AGGRESSIVE;
				CLANG_WARN_UNREACHABLE_CODE = YES;
				CLANG_WARN__DUPLICATE_METHOD_MATCH = YES;
				CODE_SIGN_IDENTITY = "iPhone Developer";
				COPY_PHASE_STRIP = NO;
				DEBUG_INFORMATION_FORMAT = dwarf;
				ENABLE_STRICT_OBJC_MSGSEND = YES;
				ENABLE_TESTABILITY = YES;
				GCC_C_LANGUAGE_STANDARD = gnu11;
				GCC_DYNAMIC_NO_PIC = NO;
				GCC_NO_COMMON_BLOCKS = YES;
				GCC_OPTIMIZATION_LEVEL = 0;
				GCC_PREPROCESSOR_DEFINITIONS = (
					"DEBUG=1",
					"$(inherited)",
				);
				GCC_WARN_64_TO_32_BIT_CONVERSION = YES;
				GCC_WARN_ABOUT_RETURN_TYPE = YES_ERROR;
				GCC_WARN_UNDECLARED_SELECTOR = YES;
				GCC_WARN_UNINITIALIZED_AUTOS = YES_AGGRESSIVE;
				GCC_WARN_UNUSED_FUNCTION = YES;
				GCC_WARN_UNUSED_VARIABLE = YES;
				IPHONEOS_DEPLOYMENT_TARGET = 11.4;
				MTL_ENABLE_DEBUG_INFO = YES;
				ONLY_ACTIVE_ARCH = YES;
				SDKROOT = iphoneos;
				SWIFT_ACTIVE_COMPILATION_CONDITIONS = DEBUG;
				SWIFT_OPTIMIZATION_LEVEL = "-Onone";
			};
			name = Debug;
		};
		044597BE211293BE000DA43D /* Release */ = {
			isa = XCBuildConfiguration;
			buildSettings = {
				ALWAYS_SEARCH_USER_PATHS = NO;
				CLANG_ANALYZER_NONNULL = YES;
				CLANG_ANALYZER_NUMBER_OBJECT_CONVERSION = YES_AGGRESSIVE;
				CLANG_CXX_LANGUAGE_STANDARD = "gnu++14";
				CLANG_CXX_LIBRARY = "libc++";
				CLANG_ENABLE_MODULES = YES;
				CLANG_ENABLE_OBJC_ARC = YES;
				CLANG_ENABLE_OBJC_WEAK = YES;
				CLANG_WARN_BLOCK_CAPTURE_AUTORELEASING = YES;
				CLANG_WARN_BOOL_CONVERSION = YES;
				CLANG_WARN_COMMA = YES;
				CLANG_WARN_CONSTANT_CONVERSION = YES;
				CLANG_WARN_DEPRECATED_OBJC_IMPLEMENTATIONS = YES;
				CLANG_WARN_DIRECT_OBJC_ISA_USAGE = YES_ERROR;
				CLANG_WARN_DOCUMENTATION_COMMENTS = YES;
				CLANG_WARN_EMPTY_BODY = YES;
				CLANG_WARN_ENUM_CONVERSION = YES;
				CLANG_WARN_INFINITE_RECURSION = YES;
				CLANG_WARN_INT_CONVERSION = YES;
				CLANG_WARN_NON_LITERAL_NULL_CONVERSION = YES;
				CLANG_WARN_OBJC_IMPLICIT_RETAIN_SELF = YES;
				CLANG_WARN_OBJC_LITERAL_CONVERSION = YES;
				CLANG_WARN_OBJC_ROOT_CLASS = YES_ERROR;
				CLANG_WARN_RANGE_LOOP_ANALYSIS = YES;
				CLANG_WARN_STRICT_PROTOTYPES = YES;
				CLANG_WARN_SUSPICIOUS_MOVE = YES;
				CLANG_WARN_UNGUARDED_AVAILABILITY = YES_AGGRESSIVE;
				CLANG_WARN_UNREACHABLE_CODE = YES;
				CLANG_WARN__DUPLICATE_METHOD_MATCH = YES;
				CODE_SIGN_IDENTITY = "iPhone Developer";
				COPY_PHASE_STRIP = NO;
				DEBUG_INFORMATION_FORMAT = "dwarf-with-dsym";
				ENABLE_NS_ASSERTIONS = NO;
				ENABLE_STRICT_OBJC_MSGSEND = YES;
				GCC_C_LANGUAGE_STANDARD = gnu11;
				GCC_NO_COMMON_BLOCKS = YES;
				GCC_WARN_64_TO_32_BIT_CONVERSION = YES;
				GCC_WARN_ABOUT_RETURN_TYPE = YES_ERROR;
				GCC_WARN_UNDECLARED_SELECTOR = YES;
				GCC_WARN_UNINITIALIZED_AUTOS = YES_AGGRESSIVE;
				GCC_WARN_UNUSED_FUNCTION = YES;
				GCC_WARN_UNUSED_VARIABLE = YES;
				IPHONEOS_DEPLOYMENT_TARGET = 11.4;
				MTL_ENABLE_DEBUG_INFO = NO;
				SDKROOT = iphoneos;
				SWIFT_COMPILATION_MODE = wholemodule;
				SWIFT_OPTIMIZATION_LEVEL = "-O";
				VALIDATE_PRODUCT = YES;
			};
			name = Release;
		};
		044597C0211293BE000DA43D /* Debug */ = {
			isa = XCBuildConfiguration;
			buildSettings = {
				ASSETCATALOG_COMPILER_APPICON_NAME = AppIcon;
				CODE_SIGN_STYLE = Automatic;
				DEVELOPMENT_TEAM = XSF42SP4F8;
				INFOPLIST_FILE = "Expiry Lists/Info.plist";
				LD_RUNPATH_SEARCH_PATHS = (
					"$(inherited)",
					"@executable_path/Frameworks",
				);
				PRODUCT_BUNDLE_IDENTIFIER = "Fon-Tech.Expiry-Lists";
				PRODUCT_NAME = "$(TARGET_NAME)";
				SWIFT_VERSION = 4.0;
				TARGETED_DEVICE_FAMILY = "1,2";
			};
			name = Debug;
		};
		044597C1211293BE000DA43D /* Release */ = {
			isa = XCBuildConfiguration;
			buildSettings = {
				ASSETCATALOG_COMPILER_APPICON_NAME = AppIcon;
				CODE_SIGN_STYLE = Automatic;
				DEVELOPMENT_TEAM = XSF42SP4F8;
				INFOPLIST_FILE = "Expiry Lists/Info.plist";
				LD_RUNPATH_SEARCH_PATHS = (
					"$(inherited)",
					"@executable_path/Frameworks",
				);
				PRODUCT_BUNDLE_IDENTIFIER = "Fon-Tech.Expiry-Lists";
				PRODUCT_NAME = "$(TARGET_NAME)";
				SWIFT_VERSION = 4.0;
				TARGETED_DEVICE_FAMILY = "1,2";
			};
			name = Release;
		};
/* End XCBuildConfiguration section */

/* Begin XCConfigurationList section */
		044597A5211293B7000DA43D /* Build configuration list for PBXProject "Expiry Lists" */ = {
			isa = XCConfigurationList;
			buildConfigurations = (
				044597BD211293BE000DA43D /* Debug */,
				044597BE211293BE000DA43D /* Release */,
			);
			defaultConfigurationIsVisible = 0;
			defaultConfigurationName = Release;
		};
		044597BF211293BE000DA43D /* Build configuration list for PBXNativeTarget "Expiry Lists" */ = {
			isa = XCConfigurationList;
			buildConfigurations = (
				044597C0211293BE000DA43D /* Debug */,
				044597C1211293BE000DA43D /* Release */,
			);
			defaultConfigurationIsVisible = 0;
			defaultConfigurationName = Release;
		};
/* End XCConfigurationList section */

/* Begin XCVersionGroup section */
		044597B4211293B7000DA43D /* Expiry_Lists.xcdatamodeld */ = {
			isa = XCVersionGroup;
			children = (
				044597B5211293B7000DA43D /* Expiry_Lists.xcdatamodel */,
			);
			currentVersion = 044597B5211293B7000DA43D /* Expiry_Lists.xcdatamodel */;
			path = Expiry_Lists.xcdatamodeld;
			sourceTree = "<group>";
			versionGroupType = wrapper.xcdatamodel;
		};
/* End XCVersionGroup section */
	};
	rootObject = 044597A2211293B7000DA43D /* Project object */;
}
